
Microsoft Visual Studio Solution File, Format Version 12.00
# Visual Studio Version 17
VisualStudioVersion = 17.6.33829.357
MinimumVisualStudioVersion = 10.0.40219.1
Project("{FAE04EC0-301F-11D3-BF4B-00C04F79EFBC}") = "Janerics_2", "Janerics_2\Janerics_2.csproj", "{624DADA9-61DB-462A-BA73-14C8640395EB}"
EndProject
Global
	GlobalSection(SolutionConfigurationPlatforms) = preSolution
		Debug|Any CPU = Debug|Any CPU
		Release|Any CPU = Release|Any CPU
	EndGlobalSection
	GlobalSection(ProjectConfigurationPlatforms) = postSolution
		{624DADA9-61DB-462A-BA73-14C8640395EB}.Debug|Any CPU.ActiveCfg = Debug|Any CPU
		{624DADA9-61DB-462A-BA73-14C8640395EB}.Debug|Any CPU.Build.0 = Debug|Any CPU
		{624DADA9-61DB-462A-BA73-14C8640395EB}.Release|Any CPU.ActiveCfg = Release|Any CPU
		{624DADA9-61DB-462A-BA73-14C8640395EB}.Release|Any CPU.Build.0 = Release|Any CPU
	EndGlobalSection
	GlobalSection(SolutionProperties) = preSolution
		HideSolutionNode = FALSE
	EndGlobalSection
	GlobalSection(ExtensibilityGlobals) = postSolution
		SolutionGuid = {3F700202-E7E1-4B4C-8381-B38C078BF6F7}
	EndGlobalSection
EndGlobal
