
Microsoft Visual Studio Solution File, Format Version 12.00
# Visual Studio Version 17
VisualStudioVersion = 17.6.33829.357
MinimumVisualStudioVersion = 10.0.40219.1
Project("{FAE04EC0-301F-11D3-BF4B-00C04F79EFBC}") = "LSP", "LSP\LSP.csproj", "{ECFC243D-4440-49B6-AFDE-FDBF9D2B2414}"
EndProject
Global
	GlobalSection(SolutionConfigurationPlatforms) = preSolution
		Debug|Any CPU = Debug|Any CPU
		Release|Any CPU = Release|Any CPU
	EndGlobalSection
	GlobalSection(ProjectConfigurationPlatforms) = postSolution
		{ECFC243D-4440-49B6-AFDE-FDBF9D2B2414}.Debug|Any CPU.ActiveCfg = Debug|Any CPU
		{ECFC243D-4440-49B6-AFDE-FDBF9D2B2414}.Debug|Any CPU.Build.0 = Debug|Any CPU
		{ECFC243D-4440-49B6-AFDE-FDBF9D2B2414}.Release|Any CPU.ActiveCfg = Release|Any CPU
		{ECFC243D-4440-49B6-AFDE-FDBF9D2B2414}.Release|Any CPU.Build.0 = Release|Any CPU
	EndGlobalSection
	GlobalSection(SolutionProperties) = preSolution
		HideSolutionNode = FALSE
	EndGlobalSection
	GlobalSection(ExtensibilityGlobals) = postSolution
		SolutionGuid = {053447A2-E0E7-4F44-8366-8D2A26685F85}
	EndGlobalSection
EndGlobal
